
Microsoft Visual Studio Solution File, Format Version 12.00
# Visual Studio Version 17
VisualStudioVersion = 17.8.34511.84
MinimumVisualStudioVersion = 10.0.40219.1
Project("{9A19103F-16F7-4668-BE54-9A1E7A4F7556}") = "albumapi_csharp", "albumapi_csharp.csproj", "{0AD6E08C-9626-4504-9427-7F526465BAAB}"
EndProject
Global
	GlobalSection(SolutionConfigurationPlatforms) = preSolution
		Debug|Any CPU = Debug|Any CPU
		Release|Any CPU = Release|Any CPU
	EndGlobalSection
	GlobalSection(ProjectConfigurationPlatforms) = postSolution
		{0AD6E08C-9626-4504-9427-7F526465BAAB}.Debug|Any CPU.ActiveCfg = Debug|Any CPU
		{0AD6E08C-9626-4504-9427-7F526465BAAB}.Debug|Any CPU.Build.0 = Debug|Any CPU
		{0AD6E08C-9626-4504-9427-7F526465BAAB}.Release|Any CPU.ActiveCfg = Release|Any CPU
		{0AD6E08C-9626-4504-9427-7F526465BAAB}.Release|Any CPU.Build.0 = Release|Any CPU
	EndGlobalSection
	GlobalSection(SolutionProperties) = preSolution
		HideSolutionNode = FALSE
	EndGlobalSection
	GlobalSection(ExtensibilityGlobals) = postSolution
		SolutionGuid = {55420A64-8355-469C-BE30-6BB7FFF6D962}
	EndGlobalSection
EndGlobal
